schema: '2.0'
stages:
  disambig_const:
    cmd: jupyter nbconvert --to notebook --execute --inplace 10.01-disambig_constiutents.ipynb
    deps:
    - path: ../data/di-morphosyntax.csv
      md5: 7f201d9b806798b4622cb0b0d24ac6db
      size: 14445953
    - path: 10.01-disambig_constiutents.ipynb
      md5: 28c8fab542a794d71077c8c647b59f36
      size: 9957
    outs:
    - path: ../data/disambig_mr.csv
      md5: f6821533032b90e6979d57413e367c47
      size: 187581
  train_alpha:
    cmd: nbconvert --to notebook --execute --inplace 10.02-classify-mr.ipynb
    deps:
    - path: ../data/di-morphosyntax.csv
      md5: 7f201d9b806798b4622cb0b0d24ac6db
      size: 14445953
    - path: 10.02-classify-mr.ipynb
      md5: 0fce83ad32d2938eb90459fafd09e00a
      size: 72181
    outs:
    - path: ../data/models/morphen-alpha-220703-0805/
      md5: 6bf309b489dd54c02b20ff9316a35073.dir
      size: 409154944
      nfiles: 2
  tencent-extract:
    cmd: jupyter nbconvert --to notebook --execute --inplace 10.10-tencent-extract.ipynb
    deps:
    - path: ../data/di-morphosyntax.csv
      md5: 7f201d9b806798b4622cb0b0d24ac6db
      size: 14445953
    outs:
    - path: ../data/verb_morpho.csv
      md5: 2f2262abdbb1e31ed47e0ec613c243dc
      size: 77170
    - path: ../data/verb_morpho_emb.txt
      md5: e82aa92700537fb0615d1dbdf38aecd9
      size: 2595275
